// !$*UTF8*$!
{
	archiveVersion = 1;
	classes = {
	};
	objectVersion = 46;
	objects = {

/* Begin PBXBuildFile section */
		FB3C27421F22FC7B002D71AA /* AppDelegate.swift in Sources */ = {isa = PBXBuildFile; fileRef = FB3C27411F22FC7B002D71AA /* AppDelegate.swift */; };
		FB3C27441F22FC7B002D71AA /* ViewController.swift in Sources */ = {isa = PBXBuildFile; fileRef = FB3C27431F22FC7B002D71AA /* ViewController.swift */; };
		FB3C27471F22FC7B002D71AA /* Main.storyboard in Resources */ = {isa = PBXBuildFile; fileRef = FB3C27451F22FC7B002D71AA /* Main.storyboard */; };
		FB3C27491F22FC7B002D71AA /* Assets.xcassets in Resources */ = {isa = PBXBuildFile; fileRef = FB3C27481F22FC7B002D71AA /* Assets.xcassets */; };
		FB3C274C1F22FC7B002D71AA /* LaunchScreen.storyboard in Resources */ = {isa = PBXBuildFile; fileRef = FB3C274A1F22FC7B002D71AA /* LaunchScreen.storyboard */; };
		FB3C27561F22FDAD002D71AA /* UIView_AutoLayout.swift in Sources */ = {isa = PBXBuildFile; fileRef = FB3C27551F22FDAD002D71AA /* UIView_AutoLayout.swift */; };
		FB3C27581F2304B0002D71AA /* IMG_5108.JPG in Resources */ = {isa = PBXBuildFile; fileRef = FB3C27571F2304B0002D71AA /* IMG_5108.JPG */; };
		FB3C277E1F233FEB002D71AA /* 2.png in Resources */ = {isa = PBXBuildFile; fileRef = FB3C277A1F233FEB002D71AA /* 2.png */; };
		FB3C277F1F233FEB002D71AA /* 3.png in Resources */ = {isa = PBXBuildFile; fileRef = FB3C277B1F233FEB002D71AA /* 3.png */; };
		FB3C27801F233FEB002D71AA /* 1.png in Resources */ = {isa = PBXBuildFile; fileRef = FB3C277C1F233FEB002D71AA /* 1.png */; };
/* End PBXBuildFile section */

/* Begin PBXFileReference section */
		FB3C273E1F22FC7B002D71AA /* CQAutoLayout.app */ = {isa = PBXFileReference; explicitFileType = wrapper.application; includeInIndex = 0; path = CQAutoLayout.app; sourceTree = BUILT_PRODUCTS_DIR; };
		FB3C27411F22FC7B002D71AA /* AppDelegate.swift */ = {isa = PBXFileReference; lastKnownFileType = sourcecode.swift; path = AppDelegate.swift; sourceTree = "<group>"; };
		FB3C27431F22FC7B002D71AA /* ViewController.swift */ = {isa = PBXFileReference; lastKnownFileType = sourcecode.swift; path = ViewController.swift; sourceTree = "<group>"; };
		FB3C27461F22FC7B002D71AA /* Base */ = {isa = PBXFileReference; lastKnownFileType = file.storyboard; name = Base; path = Base.lproj/Main.storyboard; sourceTree = "<group>"; };
		FB3C27481F22FC7B002D71AA /* Assets.xcassets */ = {isa = PBXFileReference; lastKnownFileType = folder.assetcatalog; path = Assets.xcassets; sourceTree = "<group>"; };
		FB3C274B1F22FC7B002D71AA /* Base */ = {isa = PBXFileReference; lastKnownFileType = file.storyboard; name = Base; path = Base.lproj/LaunchScreen.storyboard; sourceTree = "<group>"; };
		FB3C274D1F22FC7B002D71AA /* Info.plist */ = {isa = PBXFileReference; lastKnownFileType = text.plist.xml; path = Info.plist; sourceTree = "<group>"; };
		FB3C27551F22FDAD002D71AA /* UIView_AutoLayout.swift */ = {isa = PBXFileReference; fileEncoding = 4; lastKnownFileType = sourcecode.swift; path = UIView_AutoLayout.swift; sourceTree = "<group>"; };
		FB3C27571F2304B0002D71AA /* IMG_5108.JPG */ = {isa = PBXFileReference; lastKnownFileType = image.jpeg; path = IMG_5108.JPG; sourceTree = "<group>"; };
		FB3C277A1F233FEB002D71AA /* 2.png */ = {isa = PBXFileReference; lastKnownFileType = image.png; path = 2.png; sourceTree = "<group>"; };
		FB3C277B1F233FEB002D71AA /* 3.png */ = {isa = PBXFileReference; lastKnownFileType = image.png; path = 3.png; sourceTree = "<group>"; };
		FB3C277C1F233FEB002D71AA /* 1.png */ = {isa = PBXFileReference; lastKnownFileType = image.png; path = 1.png; sourceTree = "<group>"; };
/* End PBXFileReference section */

/* Begin PBXFrameworksBuildPhase section */
		FB3C273B1F22FC7B002D71AA /* Frameworks */ = {
			isa = PBXFrameworksBuildPhase;
			buildActionMask = 2147483647;
			files = (
			);
			runOnlyForDeploymentPostprocessing = 0;
		};
/* End PBXFrameworksBuildPhase section */

/* Begin PBXGroup section */
		FB3C27351F22FC7B002D71AA = {
			isa = PBXGroup;
			children = (
				FB3C27791F233FEB002D71AA /* Source */,
				FB3C27401F22FC7B002D71AA /* CQAutoLayout */,
				FB3C273F1F22FC7B002D71AA /* Products */,
			);
			sourceTree = "<group>";
		};
		FB3C273F1F22FC7B002D71AA /* Products */ = {
			isa = PBXGroup;
			children = (
				FB3C273E1F22FC7B002D71AA /* CQAutoLayout.app */,
			);
			name = Products;
			sourceTree = "<group>";
		};
		FB3C27401F22FC7B002D71AA /* CQAutoLayout */ = {
			isa = PBXGroup;
			children = (
				FB3C27551F22FDAD002D71AA /* UIView_AutoLayout.swift */,
				FB3C27411F22FC7B002D71AA /* AppDelegate.swift */,
				FB3C27431F22FC7B002D71AA /* ViewController.swift */,
				FB3C27571F2304B0002D71AA /* IMG_5108.JPG */,
				FB3C27451F22FC7B002D71AA /* Main.storyboard */,
				FB3C27481F22FC7B002D71AA /* Assets.xcassets */,
				FB3C274A1F22FC7B002D71AA /* LaunchScreen.storyboard */,
				FB3C274D1F22FC7B002D71AA /* Info.plist */,
			);
			path = CQAutoLayout;
			sourceTree = "<group>";
		};
		FB3C27791F233FEB002D71AA /* Source */ = {
			isa = PBXGroup;
			children = (
				FB3C277A1F233FEB002D71AA /* 2.png */,
				FB3C277B1F233FEB002D71AA /* 3.png */,
				FB3C277C1F233FEB002D71AA /* 1.png */,
			);
			path = Source;
			sourceTree = "<group>";
		};
/* End PBXGroup section */

/* Begin PBXNativeTarget section */
		FB3C273D1F22FC7B002D71AA /* CQAutoLayout */ = {
			isa = PBXNativeTarget;
			buildConfigurationList = FB3C27501F22FC7B002D71AA /* Build configuration list for PBXNativeTarget "CQAutoLayout" */;
			buildPhases = (
				FB3C273A1F22FC7B002D71AA /* Sources */,
				FB3C273B1F22FC7B002D71AA /* Frameworks */,
				FB3C273C1F22FC7B002D71AA /* Resources */,
			);
			buildRules = (
			);
			dependencies = (
			);
			name = CQAutoLayout;
			productName = CQAutoLayout;
			productReference = FB3C273E1F22FC7B002D71AA /* CQAutoLayout.app */;
			productType = "com.apple.product-type.application";
		};
/* End PBXNativeTarget section */

/* Begin PBXProject section */
		FB3C27361F22FC7B002D71AA /* Project object */ = {
			isa = PBXProject;
			attributes = {
				LastSwiftUpdateCheck = 0830;
				LastUpgradeCheck = 0830;
				ORGANIZATIONNAME = YCQ;
				TargetAttributes = {
					FB3C273D1F22FC7B002D71AA = {
						CreatedOnToolsVersion = 8.3.3;
						ProvisioningStyle = Automatic;
					};
				};
			};
			buildConfigurationList = FB3C27391F22FC7B002D71AA /* Build configuration list for PBXProject "CQAutoLayout" */;
			compatibilityVersion = "Xcode 3.2";
			developmentRegion = English;
			hasScannedForEncodings = 0;
			knownRegions = (
				en,
				Base,
			);
			mainGroup = FB3C27351F22FC7B002D71AA;
			productRefGroup = FB3C273F1F22FC7B002D71AA /* Products */;
			projectDirPath = "";
			projectRoot = "";
			targets = (
				FB3C273D1F22FC7B002D71AA /* CQAutoLayout */,
			);
		};
/* End PBXProject section */

/* Begin PBXResourcesBuildPhase section */
		FB3C273C1F22FC7B002D71AA /* Resources */ = {
			isa = PBXResourcesBuildPhase;
			buildActionMask = 2147483647;
			files = (
				FB3C274C1F22FC7B002D71AA /* LaunchScreen.storyboard in Resources */,
				FB3C27581F2304B0002D71AA /* IMG_5108.JPG in Resources */,
				FB3C277E1F233FEB002D71AA /* 2.png in Resources */,
				FB3C277F1F233FEB002D71AA /* 3.png in Resources */,
				FB3C27491F22FC7B002D71AA /* Assets.xcassets in Resources */,
				FB3C27471F22FC7B002D71AA /* Main.storyboard in Resources */,
				FB3C27801F233FEB002D71AA /* 1.png in Resources */,
			);
			runOnlyForDeploymentPostprocessing = 0;
		};
/* End PBXResourcesBuildPhase section */

/* Begin PBXSourcesBuildPhase section */
		FB3C273A1F22FC7B002D71AA /* Sources */ = {
			isa = PBXSourcesBuildPhase;
			buildActionMask = 2147483647;
			files = (
				FB3C27441F22FC7B002D71AA /* ViewController.swift in Sources */,
				FB3C27421F22FC7B002D71AA /* AppDelegate.swift in Sources */,
				FB3C27561F22FDAD002D71AA /* UIView_AutoLayout.swift in Sources */,
			);
			runOnlyForDeploymentPostprocessing = 0;
		};
/* End PBXSourcesBuildPhase section */

/* Begin PBXVariantGroup section */
		FB3C27451F22FC7B002D71AA /* Main.storyboard */ = {
			isa = PBXVariantGroup;
			children = (
				FB3C27461F22FC7B002D71AA /* Base */,
			);
			name = Main.storyboard;
			sourceTree = "<group>";
		};
		FB3C274A1F22FC7B002D71AA /* LaunchScreen.storyboard */ = {
			isa = PBXVariantGroup;
			children = (
				FB3C274B1F22FC7B002D71AA /* Base */,
			);
			name = LaunchScreen.storyboard;
			sourceTree = "<group>";
		};
/* End PBXVariantGroup section */

/* Begin XCBuildConfiguration section */
		FB3C274E1F22FC7B002D71AA /* Debug */ = {
			isa = XCBuildConfiguration;
			buildSettings = {
				ALWAYS_SEARCH_USER_PATHS = NO;
				CLANG_ANALYZER_NONNULL = YES;
				CLANG_ANALYZER_NUMBER_OBJECT_CONVERSION = YES_AGGRESSIVE;
				CLANG_CXX_LANGUAGE_STANDARD = "gnu++0x";
				CLANG_CXX_LIBRARY = "libc++";
				CLANG_ENABLE_MODULES = YES;
				CLANG_ENABLE_OBJC_ARC = YES;
				CLANG_WARN_BOOL_CONVERSION = YES;
				CLANG_WARN_CONSTANT_CONVERSION = YES;
				CLANG_WARN_DIRECT_OBJC_ISA_USAGE = YES_ERROR;
				CLANG_WARN_DOCUMENTATION_COMMENTS = YES;
				CLANG_WARN_EMPTY_BODY = YES;
				CLANG_WARN_ENUM_CONVERSION = YES;
				CLANG_WARN_INFINITE_RECURSION = YES;
				CLANG_WARN_INT_CONVERSION = YES;
				CLANG_WARN_OBJC_ROOT_CLASS = YES_ERROR;
				CLANG_WARN_SUSPICIOUS_MOVE = YES;
				CLANG_WARN_UNREACHABLE_CODE = YES;
				CLANG_WARN__DUPLICATE_METHOD_MATCH = YES;
				"CODE_SIGN_IDENTITY[sdk=iphoneos*]" = "iPhone Developer";
				COPY_PHASE_STRIP = NO;
				DEBUG_INFORMATION_FORMAT = dwarf;
				ENABLE_STRICT_OBJC_MSGSEND = YES;
				ENABLE_TESTABILITY = YES;
				GCC_C_LANGUAGE_STANDARD = gnu99;
				GCC_DYNAMIC_NO_PIC = NO;
				GCC_NO_COMMON_BLOCKS = YES;
				GCC_OPTIMIZATION_LEVEL = 0;
				GCC_PREPROCESSOR_DEFINITIONS = (
					"DEBUG=1",
					"$(inherited)",
				);
				GCC_WARN_64_TO_32_BIT_CONVERSION = YES;
				GCC_WARN_ABOUT_RETURN_TYPE = YES_ERROR;
				GCC_WARN_UNDECLARED_SELECTOR = YES;
				GCC_WARN_UNINITIALIZED_AUTOS = YES_AGGRESSIVE;
				GCC_WARN_UNUSED_FUNCTION = YES;
				GCC_WARN_UNUSED_VARIABLE = YES;
				IPHONEOS_DEPLOYMENT_TARGET = 10.3;
				MTL_ENABLE_DEBUG_INFO = YES;
				ONLY_ACTIVE_ARCH = YES;
				SDKROOT = iphoneos;
				SWIFT_ACTIVE_COMPILATION_CONDITIONS = DEBUG;
				SWIFT_OPTIMIZATION_LEVEL = "-Onone";
				TARGETED_DEVICE_FAMILY = "1,2";
			};
			name = Debug;
		};
		FB3C274F1F22FC7B002D71AA /* Release */ = {
			isa = XCBuildConfiguration;
			buildSettings = {
				ALWAYS_SEARCH_USER_PATHS = NO;
				CLANG_ANALYZER_NONNULL = YES;
				CLANG_ANALYZER_NUMBER_OBJECT_CONVERSION = YES_AGGRESSIVE;
				CLANG_CXX_LANGUAGE_STANDARD = "gnu++0x";
				CLANG_CXX_LIBRARY = "libc++";
				CLANG_ENABLE_MODULES = YES;
				CLANG_ENABLE_OBJC_ARC = YES;
				CLANG_WARN_BOOL_CONVERSION = YES;
				CLANG_WARN_CONSTANT_CONVERSION = YES;
				CLANG_WARN_DIRECT_OBJC_ISA_USAGE = YES_ERROR;
				CLANG_WARN_DOCUMENTATION_COMMENTS = YES;
				CLANG_WARN_EMPTY_BODY = YES;
				CLANG_WARN_ENUM_CONVERSION = YES;
				CLANG_WARN_INFINITE_RECURSION = YES;
				CLANG_WARN_INT_CONVERSION = YES;
				CLANG_WARN_OBJC_ROOT_CLASS = YES_ERROR;
				CLANG_WARN_SUSPICIOUS_MOVE = YES;
				CLANG_WARN_UNREACHABLE_CODE = YES;
				CLANG_WARN__DUPLICATE_METHOD_MATCH = YES;
				"CODE_SIGN_IDENTITY[sdk=iphoneos*]" = "iPhone Developer";
				COPY_PHASE_STRIP = NO;
				DEBUG_INFORMATION_FORMAT = "dwarf-with-dsym";
				ENABLE_NS_ASSERTIONS = NO;
				ENABLE_STRICT_OBJC_MSGSEND = YES;
				GCC_C_LANGUAGE_STANDARD = gnu99;
				GCC_NO_COMMON_BLOCKS = YES;
				GCC_WARN_64_TO_32_BIT_CONVERSION = YES;
				GCC_WARN_ABOUT_RETURN_TYPE = YES_ERROR;
				GCC_WARN_UNDECLARED_SELECTOR = YES;
				GCC_WARN_UNINITIALIZED_AUTOS = YES_AGGRESSIVE;
				GCC_WARN_UNUSED_FUNCTION = YES;
				GCC_WARN_UNUSED_VARIABLE = YES;
				IPHONEOS_DEPLOYMENT_TARGET = 10.3;
				MTL_ENABLE_DEBUG_INFO = NO;
				SDKROOT = iphoneos;
				SWIFT_OPTIMIZATION_LEVEL = "-Owholemodule";
				TARGETED_DEVICE_FAMILY = "1,2";
				VALIDATE_PRODUCT = YES;
			};
			name = Release;
		};
		FB3C27511F22FC7B002D71AA /* Debug */ = {
			isa = XCBuildConfiguration;
			buildSettings = {
				ASSETCATALOG_COMPILER_APPICON_NAME = AppIcon;
				DEVELOPMENT_TEAM = "";
				INFOPLIST_FILE = CQAutoLayout/Info.plist;
				IPHONEOS_DEPLOYMENT_TARGET = 9.0;
				LD_RUNPATH_SEARCH_PATHS = "$(inherited) @executable_path/Frameworks";
				PRODUCT_BUNDLE_IDENTIFIER = com.leholady.CQAutoLayout;
				PRODUCT_NAME = "$(TARGET_NAME)";
				SWIFT_VERSION = 3.0;
			};
			name = Debug;
		};
		FB3C27521F22FC7B002D71AA /* Release */ = {
			isa = XCBuildConfiguration;
			buildSettings = {
				ASSETCATALOG_COMPILER_APPICON_NAME = AppIcon;
				DEVELOPMENT_TEAM = "";
				INFOPLIST_FILE = CQAutoLayout/Info.plist;
				IPHONEOS_DEPLOYMENT_TARGET = 9.0;
				LD_RUNPATH_SEARCH_PATHS = "$(inherited) @executable_path/Frameworks";
				PRODUCT_BUNDLE_IDENTIFIER = com.leholady.CQAutoLayout;
				PRODUCT_NAME = "$(TARGET_NAME)";
				SWIFT_VERSION = 3.0;
			};
			name = Release;
		};
/* End XCBuildConfiguration section */

/* Begin XCConfigurationList section */
		FB3C27391F22FC7B002D71AA /* Build configuration list for PBXProject "CQAutoLayout" */ = {
			isa = XCConfigurationList;
			buildConfigurations = (
				FB3C274E1F22FC7B002D71AA /* Debug */,
				FB3C274F1F22FC7B002D71AA /* Release */,
			);
			defaultConfigurationIsVisible = 0;
			defaultConfigurationName = Release;
		};
		FB3C27501F22FC7B002D71AA /* Build configuration list for PBXNativeTarget "CQAutoLayout" */ = {
			isa = XCConfigurationList;
			buildConfigurations = (
				FB3C27511F22FC7B002D71AA /* Debug */,
				FB3C27521F22FC7B002D71AA /* Release */,
			);
			defaultConfigurationIsVisible = 0;
			defaultConfigurationName = Release;
		};
/* End XCConfigurationList section */
	};
	rootObject = FB3C27361F22FC7B002D71AA /* Project object */;
}
